{
  "version": 4,
  "terraform_version": "1.3.0",
  "serial": 49,
  "lineage": "4c2104b3-8922-dc78-3996-313acd40e3e0",
  "outputs": {},
  "resources": [
    {
      "module": "module.compute",
      "mode": "data",
      "type": "aws_ami",
      "name": "ubuntu",
      "provider": "provider[\"registry.terraform.io/hashicorp/aws\"]",
      "instances": [
        {
          "schema_version": 0,
          "attributes": {
            "architecture": "x86_64",
            "arn": "arn:aws:ec2:eu-west-2::image/ami-09b32a67794b5f958",
            "block_device_mappings": [
              {
                "device_name": "/dev/sda1",
                "ebs": {
                  "delete_on_termination": "true",
                  "encrypted": "false",
                  "iops": "0",
                  "snapshot_id": "snap-0b227957b0b0ad466",
                  "throughput": "0",
                  "volume_size": "8",
                  "volume_type": "gp2"
                },
                "no_device": "",
                "virtual_name": ""
              },
              {
                "device_name": "/dev/sdb",
                "ebs": {},
                "no_device": "",
                "virtual_name": "ephemeral0"
              },
              {
                "device_name": "/dev/sdc",
                "ebs": {},
                "no_device": "",
                "virtual_name": "ephemeral1"
              }
            ],
            "creation_date": "2022-09-26T19:28:39.000Z",
            "description": "Canonical, Ubuntu, 18.04 LTS, amd64 bionic image build on 2022-09-26",
            "ena_support": true,
            "executable_users": null,
            "filter": [
              {
                "name": "name",
                "values": [
                  "ubuntu/images/hvm-ssd/ubuntu-bionic-18.04-amd64-server-*"
                ]
              }
            ],
            "hypervisor": "xen",
            "id": "ami-09b32a67794b5f958",
            "image_id": "ami-09b32a67794b5f958",
            "image_location": "aws-marketplace/ubuntu/images/hvm-ssd/ubuntu-bionic-18.04-amd64-server-20220926-3b73ef49-208f-47e1-8a6e-4ae768d8a333",
            "image_owner_alias": "aws-marketplace",
            "image_type": "machine",
            "kernel_id": null,
            "most_recent": true,
            "name": "ubuntu/images/hvm-ssd/ubuntu-bionic-18.04-amd64-server-20220926-3b73ef49-208f-47e1-8a6e-4ae768d8a333",
            "name_regex": null,
            "owner_id": "679593333241",
            "owners": [
              "amazon",
              "self",
              "aws-marketplace"
            ],
            "platform": null,
            "platform_details": "Linux/UNIX",
            "product_codes": [
              {
                "product_code_id": "3iplms73etrdhxdepv72l6ywj",
                "product_code_type": "marketplace"
              }
            ],
            "public": true,
            "ramdisk_id": null,
            "root_device_name": "/dev/sda1",
            "root_device_type": "ebs",
            "root_snapshot_id": "snap-0b227957b0b0ad466",
            "sriov_net_support": "simple",
            "state": "available",
            "state_reason": {
              "code": "UNSET",
              "message": "UNSET"
            },
            "tags": {},
            "usage_operation": "RunInstances",
            "virtualization_type": "hvm"
          },
          "sensitive_attributes": []
        }
      ]
    },
    {
      "module": "module.compute",
      "mode": "data",
      "type": "aws_subnet_ids",
      "name": "this",
      "provider": "provider[\"registry.terraform.io/hashicorp/aws\"]",
      "instances": [
        {
          "schema_version": 0,
          "attributes": {
            "filter": null,
            "id": "vpc-098ad6c74a38eac54",
            "ids": [
              "subnet-001214a20b1bb5aed",
              "subnet-076d4f1f20e2f32dd"
            ],
            "tags": {
              "Tier": "Public"
            },
            "vpc_id": "vpc-098ad6c74a38eac54"
          },
          "sensitive_attributes": []
        }
      ]
    },
    {
      "module": "module.compute",
      "mode": "managed",
      "type": "aws_autoscaling_attachment",
      "name": "target",
      "provider": "provider[\"registry.terraform.io/hashicorp/aws\"]",
      "instances": [
        {
          "schema_version": 0,
          "attributes": {
            "alb_target_group_arn": "arn:aws:elasticloadbalancing:eu-west-2:006238553855:targetgroup/tf-20220929114441168700000002/1549b43377cb3260",
            "autoscaling_group_name": "Graylog",
            "elb": null,
            "id": "Graylog-20220929120259292800000001"
          },
          "sensitive_attributes": [],
          "private": "bnVsbA==",
          "dependencies": [
            "module.compute.aws_autoscaling_group.Graylog_asg",
            "module.compute.aws_launch_configuration.Graylog",
            "module.compute.aws_lb_target_group.this",
            "module.compute.data.aws_ami.ubuntu",
            "module.compute.data.aws_subnet_ids.this",
            "module.security.aws_iam_instance_profile.dev-resources-iam-profile",
            "module.security.aws_iam_role.ssm-role",
            "module.security.aws_iam_role_policy_attachment.ssm-policy",
            "module.security.aws_key_pair.terraform-demo",
            "module.vpc_subnet.aws_default_route_table.this",
            "module.vpc_subnet.aws_internet_gateway.IGW_Gateway",
            "module.vpc_subnet.aws_route_table_association.a",
            "module.vpc_subnet.aws_route_table_association.b",
            "module.vpc_subnet.aws_security_group.inbound_ssh_and_http",
            "module.vpc_subnet.aws_subnet.subnet1",
            "module.vpc_subnet.aws_subnet.subnet2",
            "module.vpc_subnet.aws_vpc.Website_Default",
            "module.vpc_subnet.data.aws_availability_zones.available",
            "module.vpc_subnet.data.aws_caller_identity.current",
            "module.vpc_subnet.data.aws_canonical_user_id.current"
          ]
        }
      ]
    },
    {
      "module": "module.compute",
      "mode": "managed",
      "type": "aws_autoscaling_group",
      "name": "Graylog_asg",
      "provider": "provider[\"registry.terraform.io/hashicorp/aws\"]",
      "instances": [
        {
          "schema_version": 0,
          "attributes": {
            "arn": "arn:aws:autoscaling:eu-west-2:006238553855:autoScalingGroup:c6dbff72-afcc-4da3-9004-b5cc79ebb8cd:autoScalingGroupName/Graylog",
            "availability_zones": [
              "eu-west-2a",
              "eu-west-2b"
            ],
            "capacity_rebalance": false,
            "default_cooldown": 300,
            "desired_capacity": 2,
            "enabled_metrics": null,
            "force_delete": false,
            "force_delete_warm_pool": false,
            "health_check_grace_period": 300,
            "health_check_type": "EC2",
            "id": "Graylog",
            "initial_lifecycle_hook": [],
            "instance_refresh": [],
            "launch_configuration": "Graylog LC",
            "launch_template": [],
            "load_balancers": null,
            "max_instance_lifetime": 0,
            "max_size": 4,
            "metrics_granularity": "1Minute",
            "min_elb_capacity": null,
            "min_size": 2,
            "mixed_instances_policy": [],
            "name": "Graylog",
            "name_prefix": "",
            "placement_group": "",
            "protect_from_scale_in": false,
            "service_linked_role_arn": "arn:aws:iam::006238553855:role/aws-service-role/autoscaling.amazonaws.com/AWSServiceRoleForAutoScaling",
            "suspended_processes": null,
            "tag": [],
            "tags": null,
            "target_group_arns": null,
            "termination_policies": null,
            "timeouts": null,
            "vpc_zone_identifier": [
              "subnet-001214a20b1bb5aed",
              "subnet-076d4f1f20e2f32dd"
            ],
            "wait_for_capacity_timeout": "10m",
            "wait_for_elb_capacity": null,
            "warm_pool": []
          },
          "sensitive_attributes": [],
          "private": "eyJlMmJmYjczMC1lY2FhLTExZTYtOGY4OC0zNDM2M2JjN2M0YzAiOnsiZGVsZXRlIjo2MDAwMDAwMDAwMDB9fQ==",
          "dependencies": [
            "module.compute.aws_launch_configuration.Graylog",
            "module.compute.data.aws_ami.ubuntu",
            "module.compute.data.aws_subnet_ids.this",
            "module.security.aws_iam_instance_profile.dev-resources-iam-profile",
            "module.security.aws_iam_role.ssm-role",
            "module.security.aws_iam_role_policy_attachment.ssm-policy",
            "module.security.aws_key_pair.terraform-demo",
            "module.vpc_subnet.aws_default_route_table.this",
            "module.vpc_subnet.aws_internet_gateway.IGW_Gateway",
            "module.vpc_subnet.aws_route_table_association.a",
            "module.vpc_subnet.aws_route_table_association.b",
            "module.vpc_subnet.aws_security_group.inbound_ssh_and_http",
            "module.vpc_subnet.aws_subnet.subnet1",
            "module.vpc_subnet.aws_subnet.subnet2",
            "module.vpc_subnet.aws_vpc.Website_Default",
            "module.vpc_subnet.data.aws_availability_zones.available",
            "module.vpc_subnet.data.aws_caller_identity.current",
            "module.vpc_subnet.data.aws_canonical_user_id.current"
          ]
        }
      ]
    },
    {
      "module": "module.compute",
      "mode": "managed",
      "type": "aws_launch_configuration",
      "name": "Graylog",
      "provider": "provider[\"registry.terraform.io/hashicorp/aws\"]",
      "instances": [
        {
          "schema_version": 0,
          "attributes": {
            "arn": "arn:aws:autoscaling:eu-west-2:006238553855:launchConfiguration:4f071960-5c66-45b9-8165-9d648d0868fa:launchConfigurationName/Graylog LC",
            "associate_public_ip_address": true,
            "ebs_block_device": [],
            "ebs_optimized": false,
            "enable_monitoring": true,
            "ephemeral_block_device": [],
            "iam_instance_profile": "ec2_profile",
            "id": "Graylog LC",
            "image_id": "ami-09b32a67794b5f958",
            "instance_type": "t3.micro",
            "key_name": "graylog-demo",
            "metadata_options": [],
            "name": "Graylog LC",
            "name_prefix": "",
            "placement_tenancy": null,
            "root_block_device": [],
            "security_groups": [
              "sg-0da744d2ac4725120"
            ],
            "spot_price": "",
            "user_data": "8d008fbce42480b2b5c509003deb28b83d89bc3c",
            "user_data_base64": null,
            "vpc_classic_link_id": "",
            "vpc_classic_link_security_groups": []
          },
          "sensitive_attributes": [],
          "private": "bnVsbA==",
          "dependencies": [
            "module.compute.data.aws_ami.ubuntu",
            "module.security.aws_iam_instance_profile.dev-resources-iam-profile",
            "module.security.aws_iam_role.ssm-role",
            "module.security.aws_iam_role_policy_attachment.ssm-policy",
            "module.security.aws_key_pair.terraform-demo",
            "module.vpc_subnet.aws_default_route_table.this",
            "module.vpc_subnet.aws_internet_gateway.IGW_Gateway",
            "module.vpc_subnet.aws_route_table_association.a",
            "module.vpc_subnet.aws_route_table_association.b",
            "module.vpc_subnet.aws_security_group.inbound_ssh_and_http",
            "module.vpc_subnet.aws_subnet.subnet1",
            "module.vpc_subnet.aws_subnet.subnet2",
            "module.vpc_subnet.aws_vpc.Website_Default",
            "module.vpc_subnet.data.aws_availability_zones.available",
            "module.vpc_subnet.data.aws_caller_identity.current",
            "module.vpc_subnet.data.aws_canonical_user_id.current"
          ]
        }
      ]
    },
    {
      "module": "module.compute",
      "mode": "managed",
      "type": "aws_lb",
      "name": "this",
      "provider": "provider[\"registry.terraform.io/hashicorp/aws\"]",
      "instances": [
        {
          "schema_version": 0,
          "attributes": {
            "access_logs": [
              {
                "bucket": "",
                "enabled": false,
                "prefix": ""
              }
            ],
            "arn": "arn:aws:elasticloadbalancing:eu-west-2:006238553855:loadbalancer/app/graylog-load-balancer/b7e6585a263e6d3f",
            "arn_suffix": "app/graylog-load-balancer/b7e6585a263e6d3f",
            "customer_owned_ipv4_pool": "",
            "desync_mitigation_mode": "defensive",
            "dns_name": "graylog-load-balancer-697656820.eu-west-2.elb.amazonaws.com",
            "drop_invalid_header_fields": false,
            "enable_cross_zone_load_balancing": null,
            "enable_deletion_protection": false,
            "enable_http2": true,
            "enable_waf_fail_open": false,
            "id": "arn:aws:elasticloadbalancing:eu-west-2:006238553855:loadbalancer/app/graylog-load-balancer/b7e6585a263e6d3f",
            "idle_timeout": 60,
            "internal": false,
            "ip_address_type": "ipv4",
            "load_balancer_type": "application",
            "name": "graylog-load-balancer",
            "name_prefix": null,
            "security_groups": [
              "sg-0856af5ad6c04b498"
            ],
            "subnet_mapping": [
              {
                "allocation_id": "",
                "ipv6_address": "",
                "outpost_id": "",
                "private_ipv4_address": "",
                "subnet_id": "subnet-001214a20b1bb5aed"
              },
              {
                "allocation_id": "",
                "ipv6_address": "",
                "outpost_id": "",
                "private_ipv4_address": "",
                "subnet_id": "subnet-076d4f1f20e2f32dd"
              }
            ],
            "subnets": [
              "subnet-001214a20b1bb5aed",
              "subnet-076d4f1f20e2f32dd"
            ],
            "tags": {},
            "tags_all": {},
            "timeouts": null,
            "vpc_id": "vpc-098ad6c74a38eac54",
            "zone_id": "ZHURV8PSTC4K8"
          },
          "sensitive_attributes": [],
          "private": "eyJlMmJmYjczMC1lY2FhLTExZTYtOGY4OC0zNDM2M2JjN2M0YzAiOnsiY3JlYXRlIjo2MDAwMDAwMDAwMDAsImRlbGV0ZSI6NjAwMDAwMDAwMDAwLCJ1cGRhdGUiOjYwMDAwMDAwMDAwMH19",
          "dependencies": [
            "module.compute.data.aws_subnet_ids.this",
            "module.security.aws_iam_instance_profile.dev-resources-iam-profile",
            "module.security.aws_iam_role.ssm-role",
            "module.security.aws_iam_role_policy_attachment.ssm-policy",
            "module.security.aws_key_pair.terraform-demo",
            "module.vpc_subnet.aws_default_route_table.this",
            "module.vpc_subnet.aws_internet_gateway.IGW_Gateway",
            "module.vpc_subnet.aws_route_table_association.a",
            "module.vpc_subnet.aws_route_table_association.b",
            "module.vpc_subnet.aws_security_group.inbound_ssh_and_http",
            "module.vpc_subnet.aws_subnet.subnet1",
            "module.vpc_subnet.aws_subnet.subnet2",
            "module.vpc_subnet.aws_vpc.Website_Default",
            "module.vpc_subnet.data.aws_availability_zones.available",
            "module.vpc_subnet.data.aws_caller_identity.current",
            "module.vpc_subnet.data.aws_canonical_user_id.current"
          ]
        }
      ]
    },
    {
      "module": "module.compute",
      "mode": "managed",
      "type": "aws_lb_listener",
      "name": "this",
      "provider": "provider[\"registry.terraform.io/hashicorp/aws\"]",
      "instances": [
        {
          "schema_version": 0,
          "attributes": {
            "alpn_policy": null,
            "arn": "arn:aws:elasticloadbalancing:eu-west-2:006238553855:listener/app/graylog-load-balancer/b7e6585a263e6d3f/9765047ae1d0d679",
            "certificate_arn": null,
            "default_action": [
              {
                "authenticate_cognito": [],
                "authenticate_oidc": [],
                "fixed_response": [],
                "forward": [],
                "order": 1,
                "redirect": [],
                "target_group_arn": "arn:aws:elasticloadbalancing:eu-west-2:006238553855:targetgroup/tf-20220929114441168700000002/1549b43377cb3260",
                "type": "forward"
              }
            ],
            "id": "arn:aws:elasticloadbalancing:eu-west-2:006238553855:listener/app/graylog-load-balancer/b7e6585a263e6d3f/9765047ae1d0d679",
            "load_balancer_arn": "arn:aws:elasticloadbalancing:eu-west-2:006238553855:loadbalancer/app/graylog-load-balancer/b7e6585a263e6d3f",
            "port": 80,
            "protocol": "HTTP",
            "ssl_policy": "",
            "tags": {},
            "tags_all": {},
            "timeouts": null
          },
          "sensitive_attributes": [],
          "private": "eyJlMmJmYjczMC1lY2FhLTExZTYtOGY4OC0zNDM2M2JjN2M0YzAiOnsicmVhZCI6NjAwMDAwMDAwMDAwfX0=",
          "dependencies": [
            "module.compute.aws_lb.this",
            "module.compute.aws_lb_target_group.this",
            "module.compute.data.aws_subnet_ids.this",
            "module.security.aws_iam_instance_profile.dev-resources-iam-profile",
            "module.security.aws_iam_role.ssm-role",
            "module.security.aws_iam_role_policy_attachment.ssm-policy",
            "module.security.aws_key_pair.terraform-demo",
            "module.vpc_subnet.aws_default_route_table.this",
            "module.vpc_subnet.aws_internet_gateway.IGW_Gateway",
            "module.vpc_subnet.aws_route_table_association.a",
            "module.vpc_subnet.aws_route_table_association.b",
            "module.vpc_subnet.aws_security_group.inbound_ssh_and_http",
            "module.vpc_subnet.aws_subnet.subnet1",
            "module.vpc_subnet.aws_subnet.subnet2",
            "module.vpc_subnet.aws_vpc.Website_Default",
            "module.vpc_subnet.data.aws_availability_zones.available",
            "module.vpc_subnet.data.aws_caller_identity.current",
            "module.vpc_subnet.data.aws_canonical_user_id.current"
          ]
        }
      ]
    },
    {
      "module": "module.compute",
      "mode": "managed",
      "type": "aws_lb_target_group",
      "name": "this",
      "provider": "provider[\"registry.terraform.io/hashicorp/aws\"]",
      "instances": [
        {
          "schema_version": 0,
          "attributes": {
            "arn": "arn:aws:elasticloadbalancing:eu-west-2:006238553855:targetgroup/tf-20220929114441168700000002/1549b43377cb3260",
            "arn_suffix": "targetgroup/tf-20220929114441168700000002/1549b43377cb3260",
            "connection_termination": false,
            "deregistration_delay": "300",
            "health_check": [
              {
                "enabled": true,
                "healthy_threshold": 5,
                "interval": 30,
                "matcher": "200",
                "path": "/",
                "port": "traffic-port",
                "protocol": "HTTP",
                "timeout": 5,
                "unhealthy_threshold": 2
              }
            ],
            "id": "arn:aws:elasticloadbalancing:eu-west-2:006238553855:targetgroup/tf-20220929114441168700000002/1549b43377cb3260",
            "lambda_multi_value_headers_enabled": false,
            "load_balancing_algorithm_type": "round_robin",
            "name": "tf-20220929114441168700000002",
            "name_prefix": null,
            "port": 80,
            "preserve_client_ip": null,
            "protocol": "HTTP",
            "protocol_version": "HTTP1",
            "proxy_protocol_v2": false,
            "slow_start": 0,
            "stickiness": [
              {
                "cookie_duration": 86400,
                "cookie_name": "",
                "enabled": false,
                "type": "lb_cookie"
              }
            ],
            "tags": {},
            "tags_all": {},
            "target_type": "instance",
            "vpc_id": "vpc-098ad6c74a38eac54"
          },
          "sensitive_attributes": [],
          "private": "bnVsbA==",
          "dependencies": [
            "module.security.aws_iam_instance_profile.dev-resources-iam-profile",
            "module.security.aws_iam_role.ssm-role",
            "module.security.aws_iam_role_policy_attachment.ssm-policy",
            "module.security.aws_key_pair.terraform-demo",
            "module.vpc_subnet.aws_default_route_table.this",
            "module.vpc_subnet.aws_internet_gateway.IGW_Gateway",
            "module.vpc_subnet.aws_route_table_association.a",
            "module.vpc_subnet.aws_route_table_association.b",
            "module.vpc_subnet.aws_security_group.inbound_ssh_and_http",
            "module.vpc_subnet.aws_subnet.subnet1",
            "module.vpc_subnet.aws_subnet.subnet2",
            "module.vpc_subnet.aws_vpc.Website_Default",
            "module.vpc_subnet.data.aws_availability_zones.available",
            "module.vpc_subnet.data.aws_caller_identity.current",
            "module.vpc_subnet.data.aws_canonical_user_id.current"
          ]
        }
      ]
    },
    {
      "module": "module.s3",
      "mode": "data",
      "type": "aws_iam_policy_document",
      "name": "s3_bucket_policy",
      "provider": "provider[\"registry.terraform.io/hashicorp/aws\"]",
      "instances": [
        {
          "schema_version": 0,
          "attributes": {
            "id": "224899269",
            "json": "{\n  \"Version\": \"2012-10-17\",\n  \"Statement\": [\n    {\n      \"Sid\": \"\",\n      \"Effect\": \"Deny\",\n      \"Action\": \"s3:*\",\n      \"Resource\": [\n        \"arn:aws:s3:::graylogkeybucket/*\",\n        \"arn:aws:s3:::graylogkeybucket\"\n      ],\n      \"Principal\": {\n        \"AWS\": \"*\"\n      },\n      \"Condition\": {\n        \"Bool\": {\n          \"aws:SecureTransport\": \"false\"\n        }\n      }\n    }\n  ]\n}",
            "override_json": null,
            "override_policy_documents": null,
            "policy_id": null,
            "source_json": null,
            "source_policy_documents": null,
            "statement": [
              {
                "actions": [
                  "s3:*"
                ],
                "condition": [
                  {
                    "test": "Bool",
                    "values": [
                      "false"
                    ],
                    "variable": "aws:SecureTransport"
                  }
                ],
                "effect": "Deny",
                "not_actions": [],
                "not_principals": [],
                "not_resources": [],
                "principals": [
                  {
                    "identifiers": [
                      "*"
                    ],
                    "type": "AWS"
                  }
                ],
                "resources": [
                  "arn:aws:s3:::graylogkeybucket",
                  "arn:aws:s3:::graylogkeybucket/*"
                ],
                "sid": ""
              }
            ],
            "version": "2012-10-17"
          },
          "sensitive_attributes": []
        }
      ]
    },
    {
      "module": "module.s3",
      "mode": "managed",
      "type": "aws_s3_bucket",
      "name": "this",
      "provider": "provider[\"registry.terraform.io/hashicorp/aws\"]",
      "instances": [
        {
          "schema_version": 0,
          "attributes": {
            "acceleration_status": "",
            "acl": "private",
            "arn": "arn:aws:s3:::graylogkeybucket",
            "bucket": "graylogkeybucket",
            "bucket_domain_name": "graylogkeybucket.s3.amazonaws.com",
            "bucket_prefix": null,
            "bucket_regional_domain_name": "graylogkeybucket.s3.eu-west-2.amazonaws.com",
            "cors_rule": [],
            "force_destroy": false,
            "grant": [],
            "hosted_zone_id": "Z3GKZC51ZF0DB4",
            "id": "graylogkeybucket",
            "lifecycle_rule": [],
            "logging": [],
            "object_lock_configuration": [],
            "object_lock_enabled": false,
            "policy": null,
            "region": "eu-west-2",
            "replication_configuration": [],
            "request_payer": "BucketOwner",
            "server_side_encryption_configuration": [
              {
                "rule": [
                  {
                    "apply_server_side_encryption_by_default": [
                      {
                        "kms_master_key_id": "",
                        "sse_algorithm": "AES256"
                      }
                    ],
                    "bucket_key_enabled": false
                  }
                ]
              }
            ],
            "tags": {},
            "tags_all": {},
            "versioning": [
              {
                "enabled": true,
                "mfa_delete": false
              }
            ],
            "website": [],
            "website_domain": null,
            "website_endpoint": null
          },
          "sensitive_attributes": [],
          "private": "bnVsbA=="
        }
      ]
    },
    {
      "module": "module.s3",
      "mode": "managed",
      "type": "aws_s3_bucket_object",
      "name": "Public_Key",
      "provider": "provider[\"registry.terraform.io/hashicorp/aws\"]",
      "instances": [
        {
          "schema_version": 0,
          "attributes": {
            "acl": "private",
            "bucket": "graylogkeybucket",
            "bucket_key_enabled": false,
            "cache_control": "",
            "content": null,
            "content_base64": null,
            "content_disposition": "",
            "content_encoding": "",
            "content_language": "",
            "content_type": "binary/octet-stream",
            "etag": "0339d6a452b8080db7307b671733466d",
            "force_destroy": false,
            "id": "RSA Public Key",
            "key": "RSA Public Key",
            "kms_key_id": null,
            "metadata": {},
            "object_lock_legal_hold_status": "",
            "object_lock_mode": "",
            "object_lock_retain_until_date": "",
            "server_side_encryption": "AES256",
            "source": "../terraform/modules/security/keys/id_rsa.pub",
            "source_hash": null,
            "storage_class": "STANDARD",
            "tags": {},
            "tags_all": {},
            "version_id": "J6W4zG9e8yPRmGDPtS7GevOSDpaGPV0U",
            "website_redirect": ""
          },
          "sensitive_attributes": [],
          "private": "bnVsbA==",
          "dependencies": [
            "module.s3.aws_s3_bucket.this"
          ]
        }
      ]
    },
    {
      "module": "module.s3",
      "mode": "managed",
      "type": "aws_s3_bucket_policy",
      "name": "this",
      "provider": "provider[\"registry.terraform.io/hashicorp/aws\"]",
      "instances": [
        {
          "schema_version": 0,
          "attributes": {
            "bucket": "graylogkeybucket",
            "id": "graylogkeybucket",
            "policy": "{\"Statement\":[{\"Action\":\"s3:*\",\"Condition\":{\"Bool\":{\"aws:SecureTransport\":\"false\"}},\"Effect\":\"Deny\",\"Principal\":{\"AWS\":\"*\"},\"Resource\":[\"arn:aws:s3:::graylogkeybucket/*\",\"arn:aws:s3:::graylogkeybucket\"],\"Sid\":\"\"}],\"Version\":\"2012-10-17\"}"
          },
          "sensitive_attributes": [],
          "private": "bnVsbA==",
          "dependencies": [
            "module.s3.aws_s3_bucket.this",
            "module.s3.aws_s3_bucket_public_access_block.this",
            "module.s3.data.aws_iam_policy_document.s3_bucket_policy"
          ]
        }
      ]
    },
    {
      "module": "module.s3",
      "mode": "managed",
      "type": "aws_s3_bucket_public_access_block",
      "name": "this",
      "provider": "provider[\"registry.terraform.io/hashicorp/aws\"]",
      "instances": [
        {
          "schema_version": 0,
          "attributes": {
            "block_public_acls": true,
            "block_public_policy": true,
            "bucket": "graylogkeybucket",
            "id": "graylogkeybucket",
            "ignore_public_acls": true,
            "restrict_public_buckets": true
          },
          "sensitive_attributes": [],
          "private": "bnVsbA==",
          "dependencies": [
            "module.s3.aws_s3_bucket.this"
          ]
        }
      ]
    },
    {
      "module": "module.security",
      "mode": "managed",
      "type": "aws_iam_instance_profile",
      "name": "dev-resources-iam-profile",
      "provider": "provider[\"registry.terraform.io/hashicorp/aws\"]",
      "instances": [
        {
          "schema_version": 0,
          "attributes": {
            "arn": "arn:aws:iam::006238553855:instance-profile/ec2_profile",
            "create_date": "2022-09-29T11:44:30Z",
            "id": "ec2_profile",
            "name": "ec2_profile",
            "name_prefix": null,
            "path": "/",
            "role": "ssm-role",
            "tags": {},
            "tags_all": {},
            "unique_id": "AIPAQC46YY373NKTKHZ7F"
          },
          "sensitive_attributes": [],
          "private": "bnVsbA==",
          "dependencies": [
            "module.security.aws_iam_role.ssm-role"
          ]
        }
      ]
    },
    {
      "module": "module.security",
      "mode": "managed",
      "type": "aws_iam_role",
      "name": "ssm-role",
      "provider": "provider[\"registry.terraform.io/hashicorp/aws\"]",
      "instances": [
        {
          "schema_version": 0,
          "attributes": {
            "arn": "arn:aws:iam::006238553855:role/ssm-role",
            "assume_role_policy": "{\"Version\":\"2012-10-17\",\"Statement\":[{\"Effect\":\"Allow\",\"Principal\":{\"Service\":\"ec2.amazonaws.com\"},\"Action\":\"sts:AssumeRole\"}]}",
            "create_date": "2022-09-29T11:44:28Z",
            "description": "The role for the developer resources EC2",
            "force_detach_policies": false,
            "id": "ssm-role",
            "inline_policy": [
              {
                "name": "",
                "policy": ""
              }
            ],
            "managed_policy_arns": [
              "arn:aws:iam::aws:policy/AmazonSSMManagedInstanceCore"
            ],
            "max_session_duration": 3600,
            "name": "ssm-role",
            "name_prefix": "",
            "path": "/",
            "permissions_boundary": null,
            "tags": {},
            "tags_all": {},
            "unique_id": "AROAQC46YY37ZRMG5ZEMO"
          },
          "sensitive_attributes": [],
          "private": "bnVsbA=="
        }
      ]
    },
    {
      "module": "module.security",
      "mode": "managed",
      "type": "aws_iam_role_policy_attachment",
      "name": "ssm-policy",
      "provider": "provider[\"registry.terraform.io/hashicorp/aws\"]",
      "instances": [
        {
          "schema_version": 0,
          "attributes": {
            "id": "ssm-role-20220929114430358500000001",
            "policy_arn": "arn:aws:iam::aws:policy/AmazonSSMManagedInstanceCore",
            "role": "ssm-role"
          },
          "sensitive_attributes": [],
          "private": "bnVsbA==",
          "dependencies": [
            "module.security.aws_iam_role.ssm-role"
          ]
        }
      ]
    },
    {
      "module": "module.security",
      "mode": "managed",
      "type": "aws_key_pair",
      "name": "terraform-demo",
      "provider": "provider[\"registry.terraform.io/hashicorp/aws\"]",
      "instances": [
        {
          "schema_version": 1,
          "attributes": {
            "arn": "arn:aws:ec2:eu-west-2:006238553855:key-pair/graylog-demo",
            "fingerprint": "03:8e:44:0d:50:68:b7:f3:ef:48:a5:b0:f4:7b:58:bc",
            "id": "graylog-demo",
            "key_name": "graylog-demo",
            "key_name_prefix": "",
            "key_pair_id": "key-058d1b665ed48d692",
            "public_key": "ssh-rsa AAAAB3NzaC1yc2EAAAADAQABAAABgQDSwf58JCnFeT0jtLe00ytW2fbntZOHwatNfu5ZUdGQZg140pnYZ1M0pAaisIUA+chtvg61pxLEW00D+xlARFjpOBQpzJJo2HR//9WXw2p16xJXaZuK280vReQIfgnPWonMUKhVPGwhoE6vZYzgWrGrQwLgotSfJRAdGa2fL20Hh3DvazB/FyRIK582CCtLZKCEZYvE+txHNyl7Y1xWdoa1lxOsMiDhAdVjxptzbKA3RrCjqABg+/lWFectSwQY6aix0TqUE5GG8kH0aKqEPd909pHf/Uw3eQDVSQmoMbJEzO2bBIPP3XCFW1gvH1I0ZqYUaJkzAasI8y0dgQ+PQ1Y6aF1lNVgCx65X87mJtMg1H5LMsKeMi1zMPeSz0TZrB8FeQKshP/dYwnxyFLKtP/co+3RacK9aCy4+QBZDUU0ThRp+9HwmdQh3XOoyeLQxphHWnmHvXZZkLcrb7sK854plmLLO7I8NPravcBona7BhxMRiAJ/3mGRvWmoz7YNS9Y8= neilpatterson@Neils-MBP",
            "tags": {},
            "tags_all": {}
          },
          "sensitive_attributes": [],
          "private": "eyJzY2hlbWFfdmVyc2lvbiI6IjEifQ=="
        }
      ]
    },
    {
      "module": "module.vpc_subnet",
      "mode": "data",
      "type": "aws_availability_zones",
      "name": "available",
      "provider": "provider[\"registry.terraform.io/hashicorp/aws\"]",
      "instances": [
        {
          "schema_version": 0,
          "attributes": {
            "all_availability_zones": null,
            "exclude_names": null,
            "exclude_zone_ids": null,
            "filter": null,
            "group_names": [
              "eu-west-2"
            ],
            "id": "eu-west-2",
            "names": [
              "eu-west-2a",
              "eu-west-2b",
              "eu-west-2c"
            ],
            "state": "available",
            "zone_ids": [
              "euw2-az2",
              "euw2-az3",
              "euw2-az1"
            ]
          },
          "sensitive_attributes": []
        }
      ]
    },
    {
      "module": "module.vpc_subnet",
      "mode": "data",
      "type": "aws_caller_identity",
      "name": "current",
      "provider": "provider[\"registry.terraform.io/hashicorp/aws\"]",
      "instances": [
        {
          "schema_version": 0,
          "attributes": {
            "account_id": "006238553855",
            "arn": "arn:aws:iam::006238553855:user/TullyScripts",
            "id": "006238553855",
            "user_id": "AIDAQC46YY373236RJLX2"
          },
          "sensitive_attributes": []
        }
      ]
    },
    {
      "module": "module.vpc_subnet",
      "mode": "data",
      "type": "aws_canonical_user_id",
      "name": "current",
      "provider": "provider[\"registry.terraform.io/hashicorp/aws\"]",
      "instances": [
        {
          "schema_version": 0,
          "attributes": {
            "display_name": "",
            "id": "99ebcb5b1d4bb07b53b81a419629e90018e97882e77c737975adef6b1ae9816a"
          },
          "sensitive_attributes": []
        }
      ]
    },
    {
      "module": "module.vpc_subnet",
      "mode": "managed",
      "type": "aws_default_route_table",
      "name": "this",
      "provider": "provider[\"registry.terraform.io/hashicorp/aws\"]",
      "instances": [
        {
          "schema_version": 0,
          "attributes": {
            "arn": "arn:aws:ec2:eu-west-2:006238553855:route-table/rtb-09e28172eee32b760",
            "default_route_table_id": "rtb-09e28172eee32b760",
            "id": "rtb-09e28172eee32b760",
            "owner_id": "006238553855",
            "propagating_vgws": [],
            "route": [
              {
                "cidr_block": "0.0.0.0/0",
                "destination_prefix_list_id": "",
                "egress_only_gateway_id": "",
                "gateway_id": "igw-0a4171a20bbb669a5",
                "instance_id": "",
                "ipv6_cidr_block": "",
                "nat_gateway_id": "",
                "network_interface_id": "",
                "transit_gateway_id": "",
                "vpc_endpoint_id": "",
                "vpc_peering_connection_id": ""
              }
            ],
            "tags": {
              "Name": "default route table"
            },
            "tags_all": {
              "Name": "default route table"
            },
            "timeouts": null,
            "vpc_id": "vpc-098ad6c74a38eac54"
          },
          "sensitive_attributes": [],
          "private": "eyJlMmJmYjczMC1lY2FhLTExZTYtOGY4OC0zNDM2M2JjN2M0YzAiOnsiY3JlYXRlIjoxMjAwMDAwMDAwMDAsInVwZGF0ZSI6MTIwMDAwMDAwMDAwfX0=",
          "dependencies": [
            "module.vpc_subnet.aws_internet_gateway.IGW_Gateway",
            "module.vpc_subnet.aws_vpc.Website_Default"
          ]
        }
      ]
    },
    {
      "module": "module.vpc_subnet",
      "mode": "managed",
      "type": "aws_internet_gateway",
      "name": "IGW_Gateway",
      "provider": "provider[\"registry.terraform.io/hashicorp/aws\"]",
      "instances": [
        {
          "schema_version": 0,
          "attributes": {
            "arn": "arn:aws:ec2:eu-west-2:006238553855:internet-gateway/igw-0a4171a20bbb669a5",
            "id": "igw-0a4171a20bbb669a5",
            "owner_id": "006238553855",
            "tags": {
              "Name": "Internet Gateway"
            },
            "tags_all": {
              "Name": "Internet Gateway"
            },
            "vpc_id": "vpc-098ad6c74a38eac54"
          },
          "sensitive_attributes": [],
          "private": "bnVsbA==",
          "dependencies": [
            "module.vpc_subnet.aws_vpc.Website_Default"
          ]
        }
      ]
    },
    {
      "module": "module.vpc_subnet",
      "mode": "managed",
      "type": "aws_route_table_association",
      "name": "a",
      "provider": "provider[\"registry.terraform.io/hashicorp/aws\"]",
      "instances": [
        {
          "schema_version": 0,
          "attributes": {
            "gateway_id": "",
            "id": "rtbassoc-0095d6a3894a48bbf",
            "route_table_id": "rtb-09e28172eee32b760",
            "subnet_id": "subnet-001214a20b1bb5aed"
          },
          "sensitive_attributes": [],
          "private": "bnVsbA==",
          "dependencies": [
            "module.vpc_subnet.aws_default_route_table.this",
            "module.vpc_subnet.aws_internet_gateway.IGW_Gateway",
            "module.vpc_subnet.aws_subnet.subnet1",
            "module.vpc_subnet.aws_vpc.Website_Default",
            "module.vpc_subnet.data.aws_availability_zones.available"
          ]
        }
      ]
    },
    {
      "module": "module.vpc_subnet",
      "mode": "managed",
      "type": "aws_route_table_association",
      "name": "b",
      "provider": "provider[\"registry.terraform.io/hashicorp/aws\"]",
      "instances": [
        {
          "schema_version": 0,
          "attributes": {
            "gateway_id": "",
            "id": "rtbassoc-0d0d05ec6e4f138dd",
            "route_table_id": "rtb-09e28172eee32b760",
            "subnet_id": "subnet-076d4f1f20e2f32dd"
          },
          "sensitive_attributes": [],
          "private": "bnVsbA==",
          "dependencies": [
            "module.vpc_subnet.aws_default_route_table.this",
            "module.vpc_subnet.aws_internet_gateway.IGW_Gateway",
            "module.vpc_subnet.aws_subnet.subnet1",
            "module.vpc_subnet.aws_subnet.subnet2",
            "module.vpc_subnet.aws_vpc.Website_Default",
            "module.vpc_subnet.data.aws_availability_zones.available"
          ]
        }
      ]
    },
    {
      "module": "module.vpc_subnet",
      "mode": "managed",
      "type": "aws_security_group",
      "name": "inbound_ssh_and_http",
      "provider": "provider[\"registry.terraform.io/hashicorp/aws\"]",
      "instances": [
        {
          "schema_version": 1,
          "attributes": {
            "arn": "arn:aws:ec2:eu-west-2:006238553855:security-group/sg-0da744d2ac4725120",
            "description": "Allows inbound http connections",
            "egress": [
              {
                "cidr_blocks": [
                  "0.0.0.0/0"
                ],
                "description": "",
                "from_port": 0,
                "ipv6_cidr_blocks": [],
                "prefix_list_ids": [],
                "protocol": "-1",
                "security_groups": [],
                "self": false,
                "to_port": 0
              }
            ],
            "id": "sg-0da744d2ac4725120",
            "ingress": [
              {
                "cidr_blocks": [
                  "0.0.0.0/0"
                ],
                "description": "",
                "from_port": 22,
                "ipv6_cidr_blocks": [],
                "prefix_list_ids": [],
                "protocol": "tcp",
                "security_groups": [],
                "self": false,
                "to_port": 22
              },
              {
                "cidr_blocks": [
                  "0.0.0.0/0"
                ],
                "description": "",
                "from_port": 443,
                "ipv6_cidr_blocks": [],
                "prefix_list_ids": [],
                "protocol": "tcp",
                "security_groups": [],
                "self": false,
                "to_port": 443
              },
              {
                "cidr_blocks": [
                  "0.0.0.0/0"
                ],
                "description": "",
                "from_port": 80,
                "ipv6_cidr_blocks": [],
                "prefix_list_ids": [],
                "protocol": "tcp",
                "security_groups": [],
                "self": false,
                "to_port": 80
              }
            ],
            "name": "Allow SSH and HTTP",
            "name_prefix": "",
            "owner_id": "006238553855",
            "revoke_rules_on_delete": false,
            "tags": {},
            "tags_all": {},
            "timeouts": null,
            "vpc_id": "vpc-098ad6c74a38eac54"
          },
          "sensitive_attributes": [],
          "private": "eyJlMmJmYjczMC1lY2FhLTExZTYtOGY4OC0zNDM2M2JjN2M0YzAiOnsiY3JlYXRlIjo2MDAwMDAwMDAwMDAsImRlbGV0ZSI6OTAwMDAwMDAwMDAwfSwic2NoZW1hX3ZlcnNpb24iOiIxIn0=",
          "dependencies": [
            "module.vpc_subnet.aws_vpc.Website_Default"
          ]
        }
      ]
    },
    {
      "module": "module.vpc_subnet",
      "mode": "managed",
      "type": "aws_subnet",
      "name": "subnet1",
      "provider": "provider[\"registry.terraform.io/hashicorp/aws\"]",
      "instances": [
        {
          "schema_version": 1,
          "attributes": {
            "arn": "arn:aws:ec2:eu-west-2:006238553855:subnet/subnet-001214a20b1bb5aed",
            "assign_ipv6_address_on_creation": false,
            "availability_zone": "eu-west-2a",
            "availability_zone_id": "euw2-az2",
            "cidr_block": "10.0.1.0/24",
            "customer_owned_ipv4_pool": "",
            "enable_dns64": false,
            "enable_resource_name_dns_a_record_on_launch": false,
            "enable_resource_name_dns_aaaa_record_on_launch": false,
            "id": "subnet-001214a20b1bb5aed",
            "ipv6_cidr_block": "",
            "ipv6_cidr_block_association_id": "",
            "ipv6_native": false,
            "map_customer_owned_ip_on_launch": false,
            "map_public_ip_on_launch": false,
            "outpost_arn": "",
            "owner_id": "006238553855",
            "private_dns_hostname_type_on_launch": "ip-name",
            "tags": {
              "Name": "Main Subnet",
              "Tier": "Public"
            },
            "tags_all": {
              "Name": "Main Subnet",
              "Tier": "Public"
            },
            "timeouts": null,
            "vpc_id": "vpc-098ad6c74a38eac54"
          },
          "sensitive_attributes": [],
          "private": "eyJlMmJmYjczMC1lY2FhLTExZTYtOGY4OC0zNDM2M2JjN2M0YzAiOnsiY3JlYXRlIjo2MDAwMDAwMDAwMDAsImRlbGV0ZSI6MTIwMDAwMDAwMDAwMH0sInNjaGVtYV92ZXJzaW9uIjoiMSJ9",
          "dependencies": [
            "module.vpc_subnet.aws_vpc.Website_Default",
            "module.vpc_subnet.data.aws_availability_zones.available"
          ]
        }
      ]
    },
    {
      "module": "module.vpc_subnet",
      "mode": "managed",
      "type": "aws_subnet",
      "name": "subnet2",
      "provider": "provider[\"registry.terraform.io/hashicorp/aws\"]",
      "instances": [
        {
          "schema_version": 1,
          "attributes": {
            "arn": "arn:aws:ec2:eu-west-2:006238553855:subnet/subnet-076d4f1f20e2f32dd",
            "assign_ipv6_address_on_creation": false,
            "availability_zone": "eu-west-2b",
            "availability_zone_id": "euw2-az3",
            "cidr_block": "10.0.2.0/24",
            "customer_owned_ipv4_pool": "",
            "enable_dns64": false,
            "enable_resource_name_dns_a_record_on_launch": false,
            "enable_resource_name_dns_aaaa_record_on_launch": false,
            "id": "subnet-076d4f1f20e2f32dd",
            "ipv6_cidr_block": "",
            "ipv6_cidr_block_association_id": "",
            "ipv6_native": false,
            "map_customer_owned_ip_on_launch": false,
            "map_public_ip_on_launch": false,
            "outpost_arn": "",
            "owner_id": "006238553855",
            "private_dns_hostname_type_on_launch": "ip-name",
            "tags": {
              "Name": "Additional Subnet",
              "Tier": "Public"
            },
            "tags_all": {
              "Name": "Additional Subnet",
              "Tier": "Public"
            },
            "timeouts": null,
            "vpc_id": "vpc-098ad6c74a38eac54"
          },
          "sensitive_attributes": [],
          "private": "eyJlMmJmYjczMC1lY2FhLTExZTYtOGY4OC0zNDM2M2JjN2M0YzAiOnsiY3JlYXRlIjo2MDAwMDAwMDAwMDAsImRlbGV0ZSI6MTIwMDAwMDAwMDAwMH0sInNjaGVtYV92ZXJzaW9uIjoiMSJ9",
          "dependencies": [
            "module.vpc_subnet.aws_vpc.Website_Default",
            "module.vpc_subnet.data.aws_availability_zones.available"
          ]
        }
      ]
    },
    {
      "module": "module.vpc_subnet",
      "mode": "managed",
      "type": "aws_vpc",
      "name": "Website_Default",
      "provider": "provider[\"registry.terraform.io/hashicorp/aws\"]",
      "instances": [
        {
          "schema_version": 1,
          "attributes": {
            "arn": "arn:aws:ec2:eu-west-2:006238553855:vpc/vpc-098ad6c74a38eac54",
            "assign_generated_ipv6_cidr_block": false,
            "cidr_block": "10.0.0.0/16",
            "default_network_acl_id": "acl-06c508362fd6af5d3",
            "default_route_table_id": "rtb-09e28172eee32b760",
            "default_security_group_id": "sg-0856af5ad6c04b498",
            "dhcp_options_id": "dopt-07696bf7a02c95ad5",
            "enable_classiclink": false,
            "enable_classiclink_dns_support": false,
            "enable_dns_hostnames": true,
            "enable_dns_support": true,
            "id": "vpc-098ad6c74a38eac54",
            "instance_tenancy": "default",
            "ipv4_ipam_pool_id": null,
            "ipv4_netmask_length": null,
            "ipv6_association_id": "",
            "ipv6_cidr_block": "",
            "ipv6_cidr_block_network_border_group": "",
            "ipv6_ipam_pool_id": "",
            "ipv6_netmask_length": 0,
            "main_route_table_id": "rtb-09e28172eee32b760",
            "owner_id": "006238553855",
            "tags": {
              "Name": "Main VPC"
            },
            "tags_all": {
              "Name": "Main VPC"
            }
          },
          "sensitive_attributes": [],
          "private": "eyJzY2hlbWFfdmVyc2lvbiI6IjEifQ=="
        }
      ]
    }
  ],
  "check_results": []
}
